# This file was autogenerated by Stack.
# You should not edit this file by hand.
# For more information, please see the documentation at:
#   https://docs.haskellstack.org/en/stable/lock_files

packages:
- completed:
    hackage: isocline-1.0.5@sha256:ea9cbf9690cf3e252afd56c0e766678dc5f3aab9259a2ee6ec820a598fead989,2420
    pantry-tree:
      size: 2061
      sha256: 47566421f3bd6dbeca6a21ab466c0a705337ba04ef05580368a83bd16df825f3
  original:
    hackage: isocline-1.0.5
snapshots:
- completed:
    size: 586069
    url: https://raw.githubusercontent.com/commercialhaskell/stackage-snapshots/master/lts/18/14.yaml
    sha256: 87842ecbaa8ca9cee59a7e6be52369dbed82ed075cb4e0d152614a627e8fd488
  original: lts-18.14
