<?xml version="1.0" encoding="utf-8"?>
<Project ToolsVersion="4.0" xmlns="http://schemas.microsoft.com/developer/msbuild/2003">
  <ItemGroup>
    <ClCompile Include="..\..\..\.koka\debug\std_core.c" />
    <ClCompile Include="..\..\..\.koka\debug\std_core_hnd.c" />
    <ClCompile Include="..\..\..\.koka\debug\std_core_types.c" />
    <ClCompile Include="..\..\..\.koka\debug\interactive.c" />
    <ClCompile Include="..\..\..\.koka\debug\std_os_env.c" />
    <ClCompile Include="..\..\..\.koka\debug\std_os_path.c" />
    <ClCompile Include="..\..\..\.koka\debug\std_text_parse.c" />
    <ClCompile Include="..\..\..\.koka\debug\std_num_float64.c" />
    <ClCompile Include="..\..\..\.koka\debug\std_num_int32.c" />
    <ClCompile Include="..\..\..\.koka\debug\std_num_random.c" />
    <ClCompile Include="..\..\..\.koka\debug\std_num_int64.c" />
    <ClCompile Include="..\..\..\.koka\debug\rbtree_rb_dash_td.c" />
    <ClCompile Include="..\..\..\.koka\debug\rbtree_rbtree.c" />
  </ItemGroup>
  <ItemGroup>
    <Natvis Include="kklib.natvis" />
  </ItemGroup>
</Project>