<?xml version="1.0" encoding="utf-8"?>
<Project ToolsVersion="4.0" xmlns="http://schemas.microsoft.com/developer/msbuild/2003">
  <ItemGroup>
    <ClCompile Include="..\..\..\.koka\debug\std_core.c" />
    <ClCompile Include="..\..\..\.koka\debug\std_core_hnd.c" />
    <ClCompile Include="..\..\..\.koka\debug\std_core_types.c" />
    <ClCompile Include="..\..\..\.koka\debug\std_num_double.c" />
    <ClCompile Include="..\..\..\.koka\debug\std_num_int32.c" />
    <ClCompile Include="..\..\..\.koka\debug\std_text_parse.c" />
    <ClCompile Include="..\..\..\.koka\debug\interactive.c" />
    <ClCompile Include="..\..\..\.koka\debug\std_num_ddouble.c" />
    <ClCompile Include="..\..\..\.koka\debug\std_num_decimal.c" />
    <ClCompile Include="..\..\..\.koka\debug\std_time_date.c" />
    <ClCompile Include="..\..\..\.koka\debug\std_time_duration.c" />
    <ClCompile Include="..\..\..\.koka\debug\std_time_instant.c" />
    <ClCompile Include="..\..\..\.koka\debug\std_time_timer.c" />
    <ClCompile Include="..\..\..\.koka\debug\std_time_timestamp.c" />
    <ClCompile Include="..\..\..\.koka\debug\test_bench_koka_kkfree.c" />
  </ItemGroup>
</Project>